// !$*UTF8*$!
{
	archiveVersion = 1;
	classes = {
	};
	objectVersion = 48;
	objects = {

/* Begin PBXBuildFile section */
		6825147B2032AA5200954E31 /* AppDelegate.swift in Sources */ = {isa = PBXBuildFile; fileRef = 6825147A2032AA5200954E31 /* AppDelegate.swift */; };
		6825147D2032AA5200954E31 /* ViewController.swift in Sources */ = {isa = PBXBuildFile; fileRef = 6825147C2032AA5200954E31 /* ViewController.swift */; };
		682514802032AA5200954E31 /* Main.storyboard in Resources */ = {isa = PBXBuildFile; fileRef = 6825147E2032AA5200954E31 /* Main.storyboard */; };
		682514822032AA5200954E31 /* Assets.xcassets in Resources */ = {isa = PBXBuildFile; fileRef = 682514812032AA5200954E31 /* Assets.xcassets */; };
		682514852032AA5200954E31 /* LaunchScreen.storyboard in Resources */ = {isa = PBXBuildFile; fileRef = 682514832032AA5200954E31 /* LaunchScreen.storyboard */; };
		682514D82032ABDD00954E31 /* Icon in Resources */ = {isa = PBXBuildFile; fileRef = 682514BE2032ABDD00954E31 /* Icon */; };
		682514D92032ABDD00954E31 /* lobby.png in Resources */ = {isa = PBXBuildFile; fileRef = 682514C02032ABDD00954E31 /* lobby.png */; };
		682514DA2032ABDD00954E31 /* battlebg.png in Resources */ = {isa = PBXBuildFile; fileRef = 682514C12032ABDD00954E31 /* battlebg.png */; };
		682514DB2032ABDD00954E31 /* bgimage.jpg in Resources */ = {isa = PBXBuildFile; fileRef = 682514C22032ABDD00954E31 /* bgimage.jpg */; };
		682514DC2032ABDD00954E31 /* Icon in Resources */ = {isa = PBXBuildFile; fileRef = 682514C32032ABDD00954E31 /* Icon */; };
		682514DD2032ABDD00954E31 /* waku.png in Resources */ = {isa = PBXBuildFile; fileRef = 682514C42032ABDD00954E31 /* waku.png */; };
		682514DE2032ABDD00954E31 /* gold_button.png in Resources */ = {isa = PBXBuildFile; fileRef = 682514C52032ABDD00954E31 /* gold_button.png */; };
		682514DF2032ABDD00954E31 /* yusya.png in Resources */ = {isa = PBXBuildFile; fileRef = 682514C62032ABDD00954E31 /* yusya.png */; };
		682514E02032ABDD00954E31 /* monster.png in Resources */ = {isa = PBXBuildFile; fileRef = 682514C72032ABDD00954E31 /* monster.png */; };
		682514E12032ABDD00954E31 /* Icon in Resources */ = {isa = PBXBuildFile; fileRef = 682514C92032ABDD00954E31 /* Icon */; };
		682514E22032ABDD00954E31 /* TechMonManager.swift in Sources */ = {isa = PBXBuildFile; fileRef = 682514CA2032ABDD00954E31 /* TechMonManager.swift */; };
		682514E32032ABDD00954E31 /* Character.swift in Sources */ = {isa = PBXBuildFile; fileRef = 682514CB2032ABDD00954E31 /* Character.swift */; };
		682514E42032ABDD00954E31 /* SE_fanfare.mp3 in Resources */ = {isa = PBXBuildFile; fileRef = 682514CD2032ABDD00954E31 /* SE_fanfare.mp3 */; };
		682514E52032ABDD00954E31 /* BGM_battle001.mp3 in Resources */ = {isa = PBXBuildFile; fileRef = 682514CE2032ABDD00954E31 /* BGM_battle001.mp3 */; };
		682514E62032ABDD00954E31 /* Icon in Resources */ = {isa = PBXBuildFile; fileRef = 682514CF2032ABDD00954E31 /* Icon */; };
		682514E72032ABDD00954E31 /* SE_fire.mp3 in Resources */ = {isa = PBXBuildFile; fileRef = 682514D02032ABDD00954E31 /* SE_fire.mp3 */; };
		682514E82032ABDD00954E31 /* SE_attack.mp3 in Resources */ = {isa = PBXBuildFile; fileRef = 682514D12032ABDD00954E31 /* SE_attack.mp3 */; };
		682514E92032ABDD00954E31 /* SE_gameover.mp3 in Resources */ = {isa = PBXBuildFile; fileRef = 682514D22032ABDD00954E31 /* SE_gameover.mp3 */; };
		682514EA2032ABDD00954E31 /* SE_charge.mp3 in Resources */ = {isa = PBXBuildFile; fileRef = 682514D32032ABDD00954E31 /* SE_charge.mp3 */; };
		682514EB2032ABDD00954E31 /* lobby.mp3 in Resources */ = {isa = PBXBuildFile; fileRef = 682514D42032ABDD00954E31 /* lobby.mp3 */; };
		682514EC2032ABDD00954E31 /* Icon in Resources */ = {isa = PBXBuildFile; fileRef = 682514D62032ABDD00954E31 /* Icon */; };
		682514ED2032ABDD00954E31 /* misaki_gothic.ttf in Resources */ = {isa = PBXBuildFile; fileRef = 682514D72032ABDD00954E31 /* misaki_gothic.ttf */; };
		682514EF2032B3E100954E31 /* LobbyViewController.swift in Sources */ = {isa = PBXBuildFile; fileRef = 682514EE2032B3E100954E31 /* LobbyViewController.swift */; };
		682514F12032B3EF00954E31 /* BattleViewController.swift in Sources */ = {isa = PBXBuildFile; fileRef = 682514F02032B3EF00954E31 /* BattleViewController.swift */; };
/* End PBXBuildFile section */

/* Begin PBXFileReference section */
		682514772032AA5200954E31 /* TechMon.app */ = {isa = PBXFileReference; explicitFileType = wrapper.application; includeInIndex = 0; path = TechMon.app; sourceTree = BUILT_PRODUCTS_DIR; };
		6825147A2032AA5200954E31 /* AppDelegate.swift */ = {isa = PBXFileReference; lastKnownFileType = sourcecode.swift; path = AppDelegate.swift; sourceTree = "<group>"; };
		6825147C2032AA5200954E31 /* ViewController.swift */ = {isa = PBXFileReference; lastKnownFileType = sourcecode.swift; path = ViewController.swift; sourceTree = "<group>"; };
		6825147F2032AA5200954E31 /* Base */ = {isa = PBXFileReference; lastKnownFileType = file.storyboard; name = Base; path = Base.lproj/Main.storyboard; sourceTree = "<group>"; };
		682514812032AA5200954E31 /* Assets.xcassets */ = {isa = PBXFileReference; lastKnownFileType = folder.assetcatalog; path = Assets.xcassets; sourceTree = "<group>"; };
		682514842032AA5200954E31 /* Base */ = {isa = PBXFileReference; lastKnownFileType = file.storyboard; name = Base; path = Base.lproj/LaunchScreen.storyboard; sourceTree = "<group>"; };
		682514862032AA5200954E31 /* Info.plist */ = {isa = PBXFileReference; lastKnownFileType = text.plist.xml; path = Info.plist; sourceTree = "<group>"; };
		682514BE2032ABDD00954E31 /* Icon */ = {isa = PBXFileReference; fileEncoding = 4; lastKnownFileType = text; path = "Icon"; sourceTree = "<group>"; };
		682514C02032ABDD00954E31 /* lobby.png */ = {isa = PBXFileReference; lastKnownFileType = image.png; path = lobby.png; sourceTree = "<group>"; };
		682514C12032ABDD00954E31 /* battlebg.png */ = {isa = PBXFileReference; lastKnownFileType = image.png; path = battlebg.png; sourceTree = "<group>"; };
		682514C22032ABDD00954E31 /* bgimage.jpg */ = {isa = PBXFileReference; lastKnownFileType = image.jpeg; path = bgimage.jpg; sourceTree = "<group>"; };
		682514C32032ABDD00954E31 /* Icon */ = {isa = PBXFileReference; fileEncoding = 4; lastKnownFileType = text; path = "Icon"; sourceTree = "<group>"; };
		682514C42032ABDD00954E31 /* waku.png */ = {isa = PBXFileReference; lastKnownFileType = image.png; path = waku.png; sourceTree = "<group>"; };
		682514C52032ABDD00954E31 /* gold_button.png */ = {isa = PBXFileReference; lastKnownFileType = image.png; path = gold_button.png; sourceTree = "<group>"; };
		682514C62032ABDD00954E31 /* yusya.png */ = {isa = PBXFileReference; lastKnownFileType = image.png; path = yusya.png; sourceTree = "<group>"; };
		682514C72032ABDD00954E31 /* monster.png */ = {isa = PBXFileReference; lastKnownFileType = image.png; path = monster.png; sourceTree = "<group>"; };
		682514C92032ABDD00954E31 /* Icon */ = {isa = PBXFileReference; fileEncoding = 4; lastKnownFileType = text; path = "Icon"; sourceTree = "<group>"; };
		682514CA2032ABDD00954E31 /* TechMonManager.swift */ = {isa = PBXFileReference; fileEncoding = 4; lastKnownFileType = sourcecode.swift; path = TechMonManager.swift; sourceTree = "<group>"; };
		682514CB2032ABDD00954E31 /* Character.swift */ = {isa = PBXFileReference; fileEncoding = 4; lastKnownFileType = sourcecode.swift; path = Character.swift; sourceTree = "<group>"; };
		682514CD2032ABDD00954E31 /* SE_fanfare.mp3 */ = {isa = PBXFileReference; lastKnownFileType = audio.mp3; path = SE_fanfare.mp3; sourceTree = "<group>"; };
		682514CE2032ABDD00954E31 /* BGM_battle001.mp3 */ = {isa = PBXFileReference; lastKnownFileType = audio.mp3; path = BGM_battle001.mp3; sourceTree = "<group>"; };
		682514CF2032ABDD00954E31 /* Icon */ = {isa = PBXFileReference; fileEncoding = 4; lastKnownFileType = text; path = "Icon"; sourceTree = "<group>"; };
		682514D02032ABDD00954E31 /* SE_fire.mp3 */ = {isa = PBXFileReference; lastKnownFileType = audio.mp3; path = SE_fire.mp3; sourceTree = "<group>"; };
		682514D12032ABDD00954E31 /* SE_attack.mp3 */ = {isa = PBXFileReference; lastKnownFileType = audio.mp3; path = SE_attack.mp3; sourceTree = "<group>"; };
		682514D22032ABDD00954E31 /* SE_gameover.mp3 */ = {isa = PBXFileReference; lastKnownFileType = audio.mp3; path = SE_gameover.mp3; sourceTree = "<group>"; };
		682514D32032ABDD00954E31 /* SE_charge.mp3 */ = {isa = PBXFileReference; lastKnownFileType = audio.mp3; path = SE_charge.mp3; sourceTree = "<group>"; };
		682514D42032ABDD00954E31 /* lobby.mp3 */ = {isa = PBXFileReference; lastKnownFileType = audio.mp3; path = lobby.mp3; sourceTree = "<group>"; };
		682514D62032ABDD00954E31 /* Icon */ = {isa = PBXFileReference; fileEncoding = 4; lastKnownFileType = text; path = "Icon"; sourceTree = "<group>"; };
		682514D72032ABDD00954E31 /* misaki_gothic.ttf */ = {isa = PBXFileReference; lastKnownFileType = file; path = misaki_gothic.ttf; sourceTree = "<group>"; };
		682514EE2032B3E100954E31 /* LobbyViewController.swift */ = {isa = PBXFileReference; lastKnownFileType = sourcecode.swift; path = LobbyViewController.swift; sourceTree = "<group>"; };
		682514F02032B3EF00954E31 /* BattleViewController.swift */ = {isa = PBXFileReference; lastKnownFileType = sourcecode.swift; path = BattleViewController.swift; sourceTree = "<group>"; };
/* End PBXFileReference section */

/* Begin PBXFrameworksBuildPhase section */
		682514742032AA5200954E31 /* Frameworks */ = {
			isa = PBXFrameworksBuildPhase;
			buildActionMask = 2147483647;
			files = (
			);
			runOnlyForDeploymentPostprocessing = 0;
		};
/* End PBXFrameworksBuildPhase section */

/* Begin PBXGroup section */
		6825146E2032AA5200954E31 = {
			isa = PBXGroup;
			children = (
				682514792032AA5200954E31 /* TechMon */,
				682514782032AA5200954E31 /* Products */,
			);
			sourceTree = "<group>";
		};
		682514782032AA5200954E31 /* Products */ = {
			isa = PBXGroup;
			children = (
				682514772032AA5200954E31 /* TechMon.app */,
			);
			name = Products;
			sourceTree = "<group>";
		};
		682514792032AA5200954E31 /* TechMon */ = {
			isa = PBXGroup;
			children = (
				682514BD2032ABDD00954E31 /* TechMon_Resource */,
				6825147A2032AA5200954E31 /* AppDelegate.swift */,
				6825147C2032AA5200954E31 /* ViewController.swift */,
				6825147E2032AA5200954E31 /* Main.storyboard */,
				682514812032AA5200954E31 /* Assets.xcassets */,
				682514832032AA5200954E31 /* LaunchScreen.storyboard */,
				682514862032AA5200954E31 /* Info.plist */,
				682514EE2032B3E100954E31 /* LobbyViewController.swift */,
				682514F02032B3EF00954E31 /* BattleViewController.swift */,
			);
			path = TechMon;
			sourceTree = "<group>";
		};
		682514BD2032ABDD00954E31 /* TechMon_Resource */ = {
			isa = PBXGroup;
			children = (
				682514BE2032ABDD00954E31 /* Icon */,
				682514BF2032ABDD00954E31 /* Images */,
				682514C82032ABDD00954E31 /* Models */,
				682514CC2032ABDD00954E31 /* Sounds */,
				682514D52032ABDD00954E31 /* Fonts */,
			);
			path = TechMon_Resource;
			sourceTree = "<group>";
		};
		682514BF2032ABDD00954E31 /* Images */ = {
			isa = PBXGroup;
			children = (
				682514C02032ABDD00954E31 /* lobby.png */,
				682514C12032ABDD00954E31 /* battlebg.png */,
				682514C22032ABDD00954E31 /* bgimage.jpg */,
				682514C32032ABDD00954E31 /* Icon */,
				682514C42032ABDD00954E31 /* waku.png */,
				682514C52032ABDD00954E31 /* gold_button.png */,
				682514C62032ABDD00954E31 /* yusya.png */,
				682514C72032ABDD00954E31 /* monster.png */,
			);
			path = Images;
			sourceTree = "<group>";
		};
		682514C82032ABDD00954E31 /* Models */ = {
			isa = PBXGroup;
			children = (
				682514C92032ABDD00954E31 /* Icon */,
				682514CA2032ABDD00954E31 /* TechMonManager.swift */,
				682514CB2032ABDD00954E31 /* Character.swift */,
			);
			path = Models;
			sourceTree = "<group>";
		};
		682514CC2032ABDD00954E31 /* Sounds */ = {
			isa = PBXGroup;
			children = (
				682514CD2032ABDD00954E31 /* SE_fanfare.mp3 */,
				682514CE2032ABDD00954E31 /* BGM_battle001.mp3 */,
				682514CF2032ABDD00954E31 /* Icon */,
				682514D02032ABDD00954E31 /* SE_fire.mp3 */,
				682514D12032ABDD00954E31 /* SE_attack.mp3 */,
				682514D22032ABDD00954E31 /* SE_gameover.mp3 */,
				682514D32032ABDD00954E31 /* SE_charge.mp3 */,
				682514D42032ABDD00954E31 /* lobby.mp3 */,
			);
			path = Sounds;
			sourceTree = "<group>";
		};
		682514D52032ABDD00954E31 /* Fonts */ = {
			isa = PBXGroup;
			children = (
				682514D62032ABDD00954E31 /* Icon */,
				682514D72032ABDD00954E31 /* misaki_gothic.ttf */,
			);
			path = Fonts;
			sourceTree = "<group>";
		};
/* End PBXGroup section */

/* Begin PBXNativeTarget section */
		682514762032AA5200954E31 /* TechMon */ = {
			isa = PBXNativeTarget;
			buildConfigurationList = 682514892032AA5200954E31 /* Build configuration list for PBXNativeTarget "TechMon" */;
			buildPhases = (
				682514732032AA5200954E31 /* Sources */,
				682514742032AA5200954E31 /* Frameworks */,
				682514752032AA5200954E31 /* Resources */,
			);
			buildRules = (
			);
			dependencies = (
			);
			name = TechMon;
			productName = TechMon;
			productReference = 682514772032AA5200954E31 /* TechMon.app */;
			productType = "com.apple.product-type.application";
		};
/* End PBXNativeTarget section */

/* Begin PBXProject section */
		6825146F2032AA5200954E31 /* Project object */ = {
			isa = PBXProject;
			attributes = {
				LastSwiftUpdateCheck = 0920;
				LastUpgradeCheck = 0920;
				ORGANIZATIONNAME = "釜野由里佳";
				TargetAttributes = {
					682514762032AA5200954E31 = {
						CreatedOnToolsVersion = 9.2;
						ProvisioningStyle = Automatic;
					};
				};
			};
			buildConfigurationList = 682514722032AA5200954E31 /* Build configuration list for PBXProject "TechMon" */;
			compatibilityVersion = "Xcode 8.0";
			developmentRegion = en;
			hasScannedForEncodings = 0;
			knownRegions = (
				en,
				Base,
			);
			mainGroup = 6825146E2032AA5200954E31;
			productRefGroup = 682514782032AA5200954E31 /* Products */;
			projectDirPath = "";
			projectRoot = "";
			targets = (
				682514762032AA5200954E31 /* TechMon */,
			);
		};
/* End PBXProject section */

/* Begin PBXResourcesBuildPhase section */
		682514752032AA5200954E31 /* Resources */ = {
			isa = PBXResourcesBuildPhase;
			buildActionMask = 2147483647;
			files = (
				682514EA2032ABDD00954E31 /* SE_charge.mp3 in Resources */,
				682514EB2032ABDD00954E31 /* lobby.mp3 in Resources */,
				682514DB2032ABDD00954E31 /* bgimage.jpg in Resources */,
				682514852032AA5200954E31 /* LaunchScreen.storyboard in Resources */,
				682514E02032ABDD00954E31 /* monster.png in Resources */,
				682514E52032ABDD00954E31 /* BGM_battle001.mp3 in Resources */,
				682514DD2032ABDD00954E31 /* waku.png in Resources */,
				682514E12032ABDD00954E31 /* Icon in Resources */,
				682514ED2032ABDD00954E31 /* misaki_gothic.ttf in Resources */,
				682514E72032ABDD00954E31 /* SE_fire.mp3 in Resources */,
				682514DE2032ABDD00954E31 /* gold_button.png in Resources */,
				682514E42032ABDD00954E31 /* SE_fanfare.mp3 in Resources */,
				682514EC2032ABDD00954E31 /* Icon in Resources */,
				682514822032AA5200954E31 /* Assets.xcassets in Resources */,
				682514DF2032ABDD00954E31 /* yusya.png in Resources */,
				682514DC2032ABDD00954E31 /* Icon in Resources */,
				682514E62032ABDD00954E31 /* Icon in Resources */,
				682514802032AA5200954E31 /* Main.storyboard in Resources */,
				682514E82032ABDD00954E31 /* SE_attack.mp3 in Resources */,
				682514D82032ABDD00954E31 /* Icon in Resources */,
				682514DA2032ABDD00954E31 /* battlebg.png in Resources */,
				682514E92032ABDD00954E31 /* SE_gameover.mp3 in Resources */,
				682514D92032ABDD00954E31 /* lobby.png in Resources */,
			);
			runOnlyForDeploymentPostprocessing = 0;
		};
/* End PBXResourcesBuildPhase section */

/* Begin PBXSourcesBuildPhase section */
		682514732032AA5200954E31 /* Sources */ = {
			isa = PBXSourcesBuildPhase;
			buildActionMask = 2147483647;
			files = (
				682514F12032B3EF00954E31 /* BattleViewController.swift in Sources */,
				682514E22032ABDD00954E31 /* TechMonManager.swift in Sources */,
				682514EF2032B3E100954E31 /* LobbyViewController.swift in Sources */,
				6825147D2032AA5200954E31 /* ViewController.swift in Sources */,
				6825147B2032AA5200954E31 /* AppDelegate.swift in Sources */,
				682514E32032ABDD00954E31 /* Character.swift in Sources */,
			);
			runOnlyForDeploymentPostprocessing = 0;
		};
/* End PBXSourcesBuildPhase section */

/* Begin PBXVariantGroup section */
		6825147E2032AA5200954E31 /* Main.storyboard */ = {
			isa = PBXVariantGroup;
			children = (
				6825147F2032AA5200954E31 /* Base */,
			);
			name = Main.storyboard;
			sourceTree = "<group>";
		};
		682514832032AA5200954E31 /* LaunchScreen.storyboard */ = {
			isa = PBXVariantGroup;
			children = (
				682514842032AA5200954E31 /* Base */,
			);
			name = LaunchScreen.storyboard;
			sourceTree = "<group>";
		};
/* End PBXVariantGroup section */

/* Begin XCBuildConfiguration section */
		682514872032AA5200954E31 /* Debug */ = {
			isa = XCBuildConfiguration;
			buildSettings = {
				ALWAYS_SEARCH_USER_PATHS = NO;
				CLANG_ANALYZER_NONNULL = YES;
				CLANG_ANALYZER_NUMBER_OBJECT_CONVERSION = YES_AGGRESSIVE;
				CLANG_CXX_LANGUAGE_STANDARD = "gnu++14";
				CLANG_CXX_LIBRARY = "libc++";
				CLANG_ENABLE_MODULES = YES;
				CLANG_ENABLE_OBJC_ARC = YES;
				CLANG_WARN_BLOCK_CAPTURE_AUTORELEASING = YES;
				CLANG_WARN_BOOL_CONVERSION = YES;
				CLANG_WARN_COMMA = YES;
				CLANG_WARN_CONSTANT_CONVERSION = YES;
				CLANG_WARN_DIRECT_OBJC_ISA_USAGE = YES_ERROR;
				CLANG_WARN_DOCUMENTATION_COMMENTS = YES;
				CLANG_WARN_EMPTY_BODY = YES;
				CLANG_WARN_ENUM_CONVERSION = YES;
				CLANG_WARN_INFINITE_RECURSION = YES;
				CLANG_WARN_INT_CONVERSION = YES;
				CLANG_WARN_NON_LITERAL_NULL_CONVERSION = YES;
				CLANG_WARN_OBJC_LITERAL_CONVERSION = YES;
				CLANG_WARN_OBJC_ROOT_CLASS = YES_ERROR;
				CLANG_WARN_RANGE_LOOP_ANALYSIS = YES;
				CLANG_WARN_STRICT_PROTOTYPES = YES;
				CLANG_WARN_SUSPICIOUS_MOVE = YES;
				CLANG_WARN_UNGUARDED_AVAILABILITY = YES_AGGRESSIVE;
				CLANG_WARN_UNREACHABLE_CODE = YES;
				CLANG_WARN__DUPLICATE_METHOD_MATCH = YES;
				CODE_SIGN_IDENTITY = "iPhone Developer";
				COPY_PHASE_STRIP = NO;
				DEBUG_INFORMATION_FORMAT = dwarf;
				ENABLE_STRICT_OBJC_MSGSEND = YES;
				ENABLE_TESTABILITY = YES;
				GCC_C_LANGUAGE_STANDARD = gnu11;
				GCC_DYNAMIC_NO_PIC = NO;
				GCC_NO_COMMON_BLOCKS = YES;
				GCC_OPTIMIZATION_LEVEL = 0;
				GCC_PREPROCESSOR_DEFINITIONS = (
					"DEBUG=1",
					"$(inherited)",
				);
				GCC_WARN_64_TO_32_BIT_CONVERSION = YES;
				GCC_WARN_ABOUT_RETURN_TYPE = YES_ERROR;
				GCC_WARN_UNDECLARED_SELECTOR = YES;
				GCC_WARN_UNINITIALIZED_AUTOS = YES_AGGRESSIVE;
				GCC_WARN_UNUSED_FUNCTION = YES;
				GCC_WARN_UNUSED_VARIABLE = YES;
				IPHONEOS_DEPLOYMENT_TARGET = 11.2;
				MTL_ENABLE_DEBUG_INFO = YES;
				ONLY_ACTIVE_ARCH = YES;
				SDKROOT = iphoneos;
				SWIFT_ACTIVE_COMPILATION_CONDITIONS = DEBUG;
				SWIFT_OPTIMIZATION_LEVEL = "-Onone";
			};
			name = Debug;
		};
		682514882032AA5200954E31 /* Release */ = {
			isa = XCBuildConfiguration;
			buildSettings = {
				ALWAYS_SEARCH_USER_PATHS = NO;
				CLANG_ANALYZER_NONNULL = YES;
				CLANG_ANALYZER_NUMBER_OBJECT_CONVERSION = YES_AGGRESSIVE;
				CLANG_CXX_LANGUAGE_STANDARD = "gnu++14";
				CLANG_CXX_LIBRARY = "libc++";
				CLANG_ENABLE_MODULES = YES;
				CLANG_ENABLE_OBJC_ARC = YES;
				CLANG_WARN_BLOCK_CAPTURE_AUTORELEASING = YES;
				CLANG_WARN_BOOL_CONVERSION = YES;
				CLANG_WARN_COMMA = YES;
				CLANG_WARN_CONSTANT_CONVERSION = YES;
				CLANG_WARN_DIRECT_OBJC_ISA_USAGE = YES_ERROR;
				CLANG_WARN_DOCUMENTATION_COMMENTS = YES;
				CLANG_WARN_EMPTY_BODY = YES;
				CLANG_WARN_ENUM_CONVERSION = YES;
				CLANG_WARN_INFINITE_RECURSION = YES;
				CLANG_WARN_INT_CONVERSION = YES;
				CLANG_WARN_NON_LITERAL_NULL_CONVERSION = YES;
				CLANG_WARN_OBJC_LITERAL_CONVERSION = YES;
				CLANG_WARN_OBJC_ROOT_CLASS = YES_ERROR;
				CLANG_WARN_RANGE_LOOP_ANALYSIS = YES;
				CLANG_WARN_STRICT_PROTOTYPES = YES;
				CLANG_WARN_SUSPICIOUS_MOVE = YES;
				CLANG_WARN_UNGUARDED_AVAILABILITY = YES_AGGRESSIVE;
				CLANG_WARN_UNREACHABLE_CODE = YES;
				CLANG_WARN__DUPLICATE_METHOD_MATCH = YES;
				CODE_SIGN_IDENTITY = "iPhone Developer";
				COPY_PHASE_STRIP = NO;
				DEBUG_INFORMATION_FORMAT = "dwarf-with-dsym";
				ENABLE_NS_ASSERTIONS = NO;
				ENABLE_STRICT_OBJC_MSGSEND = YES;
				GCC_C_LANGUAGE_STANDARD = gnu11;
				GCC_NO_COMMON_BLOCKS = YES;
				GCC_WARN_64_TO_32_BIT_CONVERSION = YES;
				GCC_WARN_ABOUT_RETURN_TYPE = YES_ERROR;
				GCC_WARN_UNDECLARED_SELECTOR = YES;
				GCC_WARN_UNINITIALIZED_AUTOS = YES_AGGRESSIVE;
				GCC_WARN_UNUSED_FUNCTION = YES;
				GCC_WARN_UNUSED_VARIABLE = YES;
				IPHONEOS_DEPLOYMENT_TARGET = 11.2;
				MTL_ENABLE_DEBUG_INFO = NO;
				SDKROOT = iphoneos;
				SWIFT_OPTIMIZATION_LEVEL = "-Owholemodule";
				VALIDATE_PRODUCT = YES;
			};
			name = Release;
		};
		6825148A2032AA5200954E31 /* Debug */ = {
			isa = XCBuildConfiguration;
			buildSettings = {
				ASSETCATALOG_COMPILER_APPICON_NAME = AppIcon;
				CODE_SIGN_STYLE = Automatic;
				INFOPLIST_FILE = TechMon/Info.plist;
				LD_RUNPATH_SEARCH_PATHS = "$(inherited) @executable_path/Frameworks";
				PRODUCT_BUNDLE_IDENTIFIER = com.litech.TechMon;
				PRODUCT_NAME = "$(TARGET_NAME)";
				SWIFT_VERSION = 4.0;
				TARGETED_DEVICE_FAMILY = "1,2";
			};
			name = Debug;
		};
		6825148B2032AA5200954E31 /* Release */ = {
			isa = XCBuildConfiguration;
			buildSettings = {
				ASSETCATALOG_COMPILER_APPICON_NAME = AppIcon;
				CODE_SIGN_STYLE = Automatic;
				INFOPLIST_FILE = TechMon/Info.plist;
				LD_RUNPATH_SEARCH_PATHS = "$(inherited) @executable_path/Frameworks";
				PRODUCT_BUNDLE_IDENTIFIER = com.litech.TechMon;
				PRODUCT_NAME = "$(TARGET_NAME)";
				SWIFT_VERSION = 4.0;
				TARGETED_DEVICE_FAMILY = "1,2";
			};
			name = Release;
		};
/* End XCBuildConfiguration section */

/* Begin XCConfigurationList section */
		682514722032AA5200954E31 /* Build configuration list for PBXProject "TechMon" */ = {
			isa = XCConfigurationList;
			buildConfigurations = (
				682514872032AA5200954E31 /* Debug */,
				682514882032AA5200954E31 /* Release */,
			);
			defaultConfigurationIsVisible = 0;
			defaultConfigurationName = Release;
		};
		682514892032AA5200954E31 /* Build configuration list for PBXNativeTarget "TechMon" */ = {
			isa = XCConfigurationList;
			buildConfigurations = (
				6825148A2032AA5200954E31 /* Debug */,
				6825148B2032AA5200954E31 /* Release */,
			);
			defaultConfigurationIsVisible = 0;
			defaultConfigurationName = Release;
		};
/* End XCConfigurationList section */
	};
	rootObject = 6825146F2032AA5200954E31 /* Project object */;
}
